
Microsoft Visual Studio Solution File, Format Version 11.00
# Visual Studio 2010
Project("{FAE04EC0-301F-11D3-BF4B-00C04F79EFBC}") = "Nini", "Nini\Nini.csproj", "{9B920C90-08EF-4123-A6B7-5F25CF0F94EC}"
EndProject
Project("{FAE04EC0-301F-11D3-BF4B-00C04F79EFBC}") = "DC2012", "DC2012\DC2012.csproj", "{0314CA6D-FE2F-4504-B4E3-B13AD461384A}"
EndProject
Project("{FAE04EC0-301F-11D3-BF4B-00C04F79EFBC}") = "DC2012.Server", "DC2012.Server\DC2012.Server.csproj", "{0A114534-2B83-4371-99C6-A4FD82DE2295}"
EndProject
Project("{FAE04EC0-301F-11D3-BF4B-00C04F79EFBC}") = "ConsoleServer", "ConsoleServer\ConsoleServer.csproj", "{1D4D7CC4-8704-4AE6-B132-9363011BF07B}"
EndProject
Project("{FAE04EC0-301F-11D3-BF4B-00C04F79EFBC}") = "ConsoleSrv", "ConsoleSrv\ConsoleSrv.csproj", "{610ED5FE-AF3F-4C96-B392-36D55F1760C3}"
EndProject
Project("{FAE04EC0-301F-11D3-BF4B-00C04F79EFBC}") = "DC2012.Client", "DC2012.Client\DC2012.Client.csproj", "{018194CB-37F5-47F8-9985-27165A5BCA16}"
EndProject
Project("{FAE04EC0-301F-11D3-BF4B-00C04F79EFBC}") = "ConsoleAct", "ConsoleAct\ConsoleAct.csproj", "{0C5E4723-9101-4D2F-B3FB-07ADE7C9D669}"
EndProject
Project("{FAE04EC0-301F-11D3-BF4B-00C04F79EFBC}") = "ConsolePub", "ConsolePub\ConsolePub.csproj", "{EE6E90F5-F378-445C-97CA-11EAEDE3171C}"
EndProject
Project("{FAE04EC0-301F-11D3-BF4B-00C04F79EFBC}") = "ConsoleSub", "ConsoleSub\ConsoleSub.csproj", "{5FADFF33-BDF1-49A8-A3FF-118F094F699C}"
EndProject
Project("{FAE04EC0-301F-11D3-BF4B-00C04F79EFBC}") = "BizSampleSrv", "BizSampleSrv\BizSampleSrv.csproj", "{0FEF4A02-2776-4D7F-AEE1-2BD7487F83BB}"
EndProject
Project("{FAE04EC0-301F-11D3-BF4B-00C04F79EFBC}") = "ConnectorRest", "ConnectorRest\ConnectorRest.csproj", "{BD012F36-578E-4763-B375-21CDD09B84D8}"
EndProject
Project("{FAE04EC0-301F-11D3-BF4B-00C04F79EFBC}") = "ConsoleDirector", "ConsoleDirector\ConsoleDirector.csproj", "{2DC26593-9FC9-4F42-A477-5790C00C87A7}"
EndProject
Project("{FAE04EC0-301F-11D3-BF4B-00C04F79EFBC}") = "BizFileStore", "BizFileStore\BizFileStore.csproj", "{E8155E84-086C-4AA4-8DE3-65FD603102F9}"
EndProject
Project("{FAE04EC0-301F-11D3-BF4B-00C04F79EFBC}") = "BizLKDESK", "BizLKDESK\BizLKDESK.csproj", "{04D43AB2-98A5-42C6-89F4-8B55884948C9}"
EndProject
Project("{FAE04EC0-301F-11D3-BF4B-00C04F79EFBC}") = "BizUtils", "BizUtils\BizUtils.csproj", "{71558044-5DE8-48B5-83AC-A72E278EA268}"
EndProject
Project("{FAE04EC0-301F-11D3-BF4B-00C04F79EFBC}") = "BizXSDESK", "BizXSDESK\BizXSDESK.csproj", "{232E622A-D371-4F34-8EAD-39B0D63064BD}"
EndProject
Project("{FAE04EC0-301F-11D3-BF4B-00C04F79EFBC}") = "BizMOBAPP", "BizMOBAPP\BizMOBAPP.csproj", "{90E78CB8-F509-495F-8864-63C299587869}"
EndProject
Project("{FAE04EC0-301F-11D3-BF4B-00C04F79EFBC}") = "BizSYSMAN", "BizSYSMAN\BizSYSMAN.csproj", "{6486195A-3D56-4D85-8F48-D61D1C94211B}"
EndProject
Project("{FAE04EC0-301F-11D3-BF4B-00C04F79EFBC}") = "ContainerBiz", "ContainerBiz\ContainerBiz.csproj", "{820FBBFA-12CF-479F-93AF-B70FCAA2D631}"
EndProject
Project("{FAE04EC0-301F-11D3-BF4B-00C04F79EFBC}") = "NetMQ", "netmq-master-old\src\NetMQ\NetMQ.csproj", "{82934BAC-07FB-41AC-AE59-46FEE6026A40}"
EndProject
Project("{FAE04EC0-301F-11D3-BF4B-00C04F79EFBC}") = "cn.jpush.api", "jpush-api-csharp-client-3.0.5\cn.jpush.api\cn.jpush.api.csproj", "{E281D457-F259-4F0B-8608-16C81D8AE97B}"
EndProject
Project("{FAE04EC0-301F-11D3-BF4B-00C04F79EFBC}") = "cn.jpush.api.example", "jpush-api-csharp-client-3.0.5\cn.jpush.api.example\cn.jpush.api.example.csproj", "{F0575C50-114F-4CB6-889A-53FBA68D2BA4}"
EndProject
Project("{FAE04EC0-301F-11D3-BF4B-00C04F79EFBC}") = "cn.jpush.api.test", "jpush-api-csharp-client-3.0.5\cn.jpush.api.test\cn.jpush.api.test.csproj", "{DA7D243F-378F-414A-913A-38065D0E9BE8}"
EndProject
Project("{FAE04EC0-301F-11D3-BF4B-00C04F79EFBC}") = "BizMsg", "BizMsg\BizMsg.csproj", "{3F301B84-C16D-42E7-B2D9-58D2D8E26DCF}"
EndProject
Project("{FAE04EC0-301F-11D3-BF4B-00C04F79EFBC}") = "Test", "Test\Test.csproj", "{62323B39-CF1C-4BE5-B980-1C58CB8FB1F0}"
EndProject
Project("{FAE04EC0-301F-11D3-BF4B-00C04F79EFBC}") = "ConsoleJob", "ConsoleJob\ConsoleJob.csproj", "{F7EE1B86-F791-4526-A17A-22E04FE154D1}"
EndProject
Project("{FAE04EC0-301F-11D3-BF4B-00C04F79EFBC}") = "ConsoleJob_ZTFS", "ConsoleJob_ZTFS\ConsoleJob_ZTFS.csproj", "{4D0269B2-B0C2-40F8-9C39-CF4CA54D54CB}"
EndProject
Global
	GlobalSection(SolutionConfigurationPlatforms) = preSolution
		Debug|Any CPU = Debug|Any CPU
		Debug|Mixed Platforms = Debug|Mixed Platforms
		Debug|x64 = Debug|x64
		Debug|x86 = Debug|x86
		Release|Any CPU = Release|Any CPU
		Release|Mixed Platforms = Release|Mixed Platforms
		Release|x64 = Release|x64
		Release|x86 = Release|x86
	EndGlobalSection
	GlobalSection(ProjectConfigurationPlatforms) = postSolution
		{9B920C90-08EF-4123-A6B7-5F25CF0F94EC}.Debug|Any CPU.ActiveCfg = Debug|Any CPU
		{9B920C90-08EF-4123-A6B7-5F25CF0F94EC}.Debug|Any CPU.Build.0 = Debug|Any CPU
		{9B920C90-08EF-4123-A6B7-5F25CF0F94EC}.Debug|Mixed Platforms.ActiveCfg = Debug|Any CPU
		{9B920C90-08EF-4123-A6B7-5F25CF0F94EC}.Debug|Mixed Platforms.Build.0 = Debug|Any CPU
		{9B920C90-08EF-4123-A6B7-5F25CF0F94EC}.Debug|x64.ActiveCfg = Debug|Any CPU
		{9B920C90-08EF-4123-A6B7-5F25CF0F94EC}.Debug|x86.ActiveCfg = Debug|Any CPU
		{9B920C90-08EF-4123-A6B7-5F25CF0F94EC}.Debug|x86.Build.0 = Debug|Any CPU
		{9B920C90-08EF-4123-A6B7-5F25CF0F94EC}.Release|Any CPU.ActiveCfg = Release|Any CPU
		{9B920C90-08EF-4123-A6B7-5F25CF0F94EC}.Release|Any CPU.Build.0 = Release|Any CPU
		{9B920C90-08EF-4123-A6B7-5F25CF0F94EC}.Release|Mixed Platforms.ActiveCfg = Release|Any CPU
		{9B920C90-08EF-4123-A6B7-5F25CF0F94EC}.Release|Mixed Platforms.Build.0 = Release|Any CPU
		{9B920C90-08EF-4123-A6B7-5F25CF0F94EC}.Release|x64.ActiveCfg = Release|Any CPU
		{9B920C90-08EF-4123-A6B7-5F25CF0F94EC}.Release|x86.ActiveCfg = Release|Any CPU
		{9B920C90-08EF-4123-A6B7-5F25CF0F94EC}.Release|x86.Build.0 = Release|Any CPU
		{0314CA6D-FE2F-4504-B4E3-B13AD461384A}.Debug|Any CPU.ActiveCfg = Debug|Any CPU
		{0314CA6D-FE2F-4504-B4E3-B13AD461384A}.Debug|Any CPU.Build.0 = Debug|Any CPU
		{0314CA6D-FE2F-4504-B4E3-B13AD461384A}.Debug|Mixed Platforms.ActiveCfg = Debug|Any CPU
		{0314CA6D-FE2F-4504-B4E3-B13AD461384A}.Debug|Mixed Platforms.Build.0 = Debug|Any CPU
		{0314CA6D-FE2F-4504-B4E3-B13AD461384A}.Debug|x64.ActiveCfg = Debug|Any CPU
		{0314CA6D-FE2F-4504-B4E3-B13AD461384A}.Debug|x86.ActiveCfg = Debug|Any CPU
		{0314CA6D-FE2F-4504-B4E3-B13AD461384A}.Debug|x86.Build.0 = Debug|Any CPU
		{0314CA6D-FE2F-4504-B4E3-B13AD461384A}.Release|Any CPU.ActiveCfg = Release|Any CPU
		{0314CA6D-FE2F-4504-B4E3-B13AD461384A}.Release|Any CPU.Build.0 = Release|Any CPU
		{0314CA6D-FE2F-4504-B4E3-B13AD461384A}.Release|Mixed Platforms.ActiveCfg = Release|Any CPU
		{0314CA6D-FE2F-4504-B4E3-B13AD461384A}.Release|Mixed Platforms.Build.0 = Release|Any CPU
		{0314CA6D-FE2F-4504-B4E3-B13AD461384A}.Release|x64.ActiveCfg = Release|Any CPU
		{0314CA6D-FE2F-4504-B4E3-B13AD461384A}.Release|x86.ActiveCfg = Release|Any CPU
		{0314CA6D-FE2F-4504-B4E3-B13AD461384A}.Release|x86.Build.0 = Release|Any CPU
		{0A114534-2B83-4371-99C6-A4FD82DE2295}.Debug|Any CPU.ActiveCfg = Debug|Any CPU
		{0A114534-2B83-4371-99C6-A4FD82DE2295}.Debug|Any CPU.Build.0 = Debug|Any CPU
		{0A114534-2B83-4371-99C6-A4FD82DE2295}.Debug|Mixed Platforms.ActiveCfg = Debug|Any CPU
		{0A114534-2B83-4371-99C6-A4FD82DE2295}.Debug|Mixed Platforms.Build.0 = Debug|Any CPU
		{0A114534-2B83-4371-99C6-A4FD82DE2295}.Debug|x64.ActiveCfg = Debug|Any CPU
		{0A114534-2B83-4371-99C6-A4FD82DE2295}.Debug|x86.ActiveCfg = Debug|Any CPU
		{0A114534-2B83-4371-99C6-A4FD82DE2295}.Debug|x86.Build.0 = Debug|Any CPU
		{0A114534-2B83-4371-99C6-A4FD82DE2295}.Release|Any CPU.ActiveCfg = Release|Any CPU
		{0A114534-2B83-4371-99C6-A4FD82DE2295}.Release|Any CPU.Build.0 = Release|Any CPU
		{0A114534-2B83-4371-99C6-A4FD82DE2295}.Release|Mixed Platforms.ActiveCfg = Release|Any CPU
		{0A114534-2B83-4371-99C6-A4FD82DE2295}.Release|Mixed Platforms.Build.0 = Release|Any CPU
		{0A114534-2B83-4371-99C6-A4FD82DE2295}.Release|x64.ActiveCfg = Release|Any CPU
		{0A114534-2B83-4371-99C6-A4FD82DE2295}.Release|x86.ActiveCfg = Release|Any CPU
		{0A114534-2B83-4371-99C6-A4FD82DE2295}.Release|x86.Build.0 = Release|Any CPU
		{1D4D7CC4-8704-4AE6-B132-9363011BF07B}.Debug|Any CPU.ActiveCfg = Debug|Any CPU
		{1D4D7CC4-8704-4AE6-B132-9363011BF07B}.Debug|Any CPU.Build.0 = Debug|Any CPU
		{1D4D7CC4-8704-4AE6-B132-9363011BF07B}.Debug|Mixed Platforms.ActiveCfg = Debug|Any CPU
		{1D4D7CC4-8704-4AE6-B132-9363011BF07B}.Debug|Mixed Platforms.Build.0 = Debug|Any CPU
		{1D4D7CC4-8704-4AE6-B132-9363011BF07B}.Debug|x64.ActiveCfg = Debug|x86
		{1D4D7CC4-8704-4AE6-B132-9363011BF07B}.Debug|x86.ActiveCfg = Debug|x86
		{1D4D7CC4-8704-4AE6-B132-9363011BF07B}.Debug|x86.Build.0 = Debug|x86
		{1D4D7CC4-8704-4AE6-B132-9363011BF07B}.Release|Any CPU.ActiveCfg = Release|Any CPU
		{1D4D7CC4-8704-4AE6-B132-9363011BF07B}.Release|Any CPU.Build.0 = Release|Any CPU
		{1D4D7CC4-8704-4AE6-B132-9363011BF07B}.Release|Mixed Platforms.ActiveCfg = Release|Any CPU
		{1D4D7CC4-8704-4AE6-B132-9363011BF07B}.Release|Mixed Platforms.Build.0 = Release|Any CPU
		{1D4D7CC4-8704-4AE6-B132-9363011BF07B}.Release|x64.ActiveCfg = Release|x86
		{1D4D7CC4-8704-4AE6-B132-9363011BF07B}.Release|x86.ActiveCfg = Release|x86
		{1D4D7CC4-8704-4AE6-B132-9363011BF07B}.Release|x86.Build.0 = Release|x86
		{610ED5FE-AF3F-4C96-B392-36D55F1760C3}.Debug|Any CPU.ActiveCfg = Debug|x86
		{610ED5FE-AF3F-4C96-B392-36D55F1760C3}.Debug|Mixed Platforms.ActiveCfg = Debug|x86
		{610ED5FE-AF3F-4C96-B392-36D55F1760C3}.Debug|Mixed Platforms.Build.0 = Debug|x86
		{610ED5FE-AF3F-4C96-B392-36D55F1760C3}.Debug|x64.ActiveCfg = Debug|x86
		{610ED5FE-AF3F-4C96-B392-36D55F1760C3}.Debug|x86.ActiveCfg = Debug|x86
		{610ED5FE-AF3F-4C96-B392-36D55F1760C3}.Debug|x86.Build.0 = Debug|x86
		{610ED5FE-AF3F-4C96-B392-36D55F1760C3}.Release|Any CPU.ActiveCfg = Release|Any CPU
		{610ED5FE-AF3F-4C96-B392-36D55F1760C3}.Release|Mixed Platforms.ActiveCfg = Release|x86
		{610ED5FE-AF3F-4C96-B392-36D55F1760C3}.Release|Mixed Platforms.Build.0 = Release|x86
		{610ED5FE-AF3F-4C96-B392-36D55F1760C3}.Release|x64.ActiveCfg = Release|x86
		{610ED5FE-AF3F-4C96-B392-36D55F1760C3}.Release|x86.ActiveCfg = Release|x86
		{610ED5FE-AF3F-4C96-B392-36D55F1760C3}.Release|x86.Build.0 = Release|x86
		{018194CB-37F5-47F8-9985-27165A5BCA16}.Debug|Any CPU.ActiveCfg = Debug|Any CPU
		{018194CB-37F5-47F8-9985-27165A5BCA16}.Debug|Any CPU.Build.0 = Debug|Any CPU
		{018194CB-37F5-47F8-9985-27165A5BCA16}.Debug|Mixed Platforms.ActiveCfg = Debug|Any CPU
		{018194CB-37F5-47F8-9985-27165A5BCA16}.Debug|Mixed Platforms.Build.0 = Debug|Any CPU
		{018194CB-37F5-47F8-9985-27165A5BCA16}.Debug|x64.ActiveCfg = Debug|Any CPU
		{018194CB-37F5-47F8-9985-27165A5BCA16}.Debug|x86.ActiveCfg = Debug|Any CPU
		{018194CB-37F5-47F8-9985-27165A5BCA16}.Debug|x86.Build.0 = Debug|Any CPU
		{018194CB-37F5-47F8-9985-27165A5BCA16}.Release|Any CPU.ActiveCfg = Release|Any CPU
		{018194CB-37F5-47F8-9985-27165A5BCA16}.Release|Any CPU.Build.0 = Release|Any CPU
		{018194CB-37F5-47F8-9985-27165A5BCA16}.Release|Mixed Platforms.ActiveCfg = Release|Any CPU
		{018194CB-37F5-47F8-9985-27165A5BCA16}.Release|Mixed Platforms.Build.0 = Release|Any CPU
		{018194CB-37F5-47F8-9985-27165A5BCA16}.Release|x64.ActiveCfg = Release|Any CPU
		{018194CB-37F5-47F8-9985-27165A5BCA16}.Release|x86.ActiveCfg = Release|Any CPU
		{018194CB-37F5-47F8-9985-27165A5BCA16}.Release|x86.Build.0 = Release|Any CPU
		{0C5E4723-9101-4D2F-B3FB-07ADE7C9D669}.Debug|Any CPU.ActiveCfg = Debug|x86
		{0C5E4723-9101-4D2F-B3FB-07ADE7C9D669}.Debug|Mixed Platforms.ActiveCfg = Debug|x86
		{0C5E4723-9101-4D2F-B3FB-07ADE7C9D669}.Debug|Mixed Platforms.Build.0 = Debug|x86
		{0C5E4723-9101-4D2F-B3FB-07ADE7C9D669}.Debug|x64.ActiveCfg = Debug|x86
		{0C5E4723-9101-4D2F-B3FB-07ADE7C9D669}.Debug|x86.ActiveCfg = Debug|x86
		{0C5E4723-9101-4D2F-B3FB-07ADE7C9D669}.Debug|x86.Build.0 = Debug|x86
		{0C5E4723-9101-4D2F-B3FB-07ADE7C9D669}.Release|Any CPU.ActiveCfg = Release|Any CPU
		{0C5E4723-9101-4D2F-B3FB-07ADE7C9D669}.Release|Mixed Platforms.ActiveCfg = Release|x86
		{0C5E4723-9101-4D2F-B3FB-07ADE7C9D669}.Release|Mixed Platforms.Build.0 = Release|x86
		{0C5E4723-9101-4D2F-B3FB-07ADE7C9D669}.Release|x64.ActiveCfg = Release|x86
		{0C5E4723-9101-4D2F-B3FB-07ADE7C9D669}.Release|x86.ActiveCfg = Release|x86
		{0C5E4723-9101-4D2F-B3FB-07ADE7C9D669}.Release|x86.Build.0 = Release|x86
		{EE6E90F5-F378-445C-97CA-11EAEDE3171C}.Debug|Any CPU.ActiveCfg = Debug|Any CPU
		{EE6E90F5-F378-445C-97CA-11EAEDE3171C}.Debug|Any CPU.Build.0 = Debug|Any CPU
		{EE6E90F5-F378-445C-97CA-11EAEDE3171C}.Debug|Mixed Platforms.ActiveCfg = Debug|x86
		{EE6E90F5-F378-445C-97CA-11EAEDE3171C}.Debug|Mixed Platforms.Build.0 = Debug|x86
		{EE6E90F5-F378-445C-97CA-11EAEDE3171C}.Debug|x64.ActiveCfg = Debug|x86
		{EE6E90F5-F378-445C-97CA-11EAEDE3171C}.Debug|x86.ActiveCfg = Debug|x86
		{EE6E90F5-F378-445C-97CA-11EAEDE3171C}.Debug|x86.Build.0 = Debug|x86
		{EE6E90F5-F378-445C-97CA-11EAEDE3171C}.Release|Any CPU.ActiveCfg = Release|Any CPU
		{EE6E90F5-F378-445C-97CA-11EAEDE3171C}.Release|Any CPU.Build.0 = Release|Any CPU
		{EE6E90F5-F378-445C-97CA-11EAEDE3171C}.Release|Mixed Platforms.ActiveCfg = Release|x86
		{EE6E90F5-F378-445C-97CA-11EAEDE3171C}.Release|Mixed Platforms.Build.0 = Release|x86
		{EE6E90F5-F378-445C-97CA-11EAEDE3171C}.Release|x64.ActiveCfg = Release|x86
		{EE6E90F5-F378-445C-97CA-11EAEDE3171C}.Release|x86.ActiveCfg = Release|x86
		{EE6E90F5-F378-445C-97CA-11EAEDE3171C}.Release|x86.Build.0 = Release|x86
		{5FADFF33-BDF1-49A8-A3FF-118F094F699C}.Debug|Any CPU.ActiveCfg = Debug|Any CPU
		{5FADFF33-BDF1-49A8-A3FF-118F094F699C}.Debug|Any CPU.Build.0 = Debug|Any CPU
		{5FADFF33-BDF1-49A8-A3FF-118F094F699C}.Debug|Mixed Platforms.ActiveCfg = Debug|x86
		{5FADFF33-BDF1-49A8-A3FF-118F094F699C}.Debug|Mixed Platforms.Build.0 = Debug|x86
		{5FADFF33-BDF1-49A8-A3FF-118F094F699C}.Debug|x64.ActiveCfg = Debug|x86
		{5FADFF33-BDF1-49A8-A3FF-118F094F699C}.Debug|x86.ActiveCfg = Debug|x86
		{5FADFF33-BDF1-49A8-A3FF-118F094F699C}.Debug|x86.Build.0 = Debug|x86
		{5FADFF33-BDF1-49A8-A3FF-118F094F699C}.Release|Any CPU.ActiveCfg = Release|Any CPU
		{5FADFF33-BDF1-49A8-A3FF-118F094F699C}.Release|Any CPU.Build.0 = Release|Any CPU
		{5FADFF33-BDF1-49A8-A3FF-118F094F699C}.Release|Mixed Platforms.ActiveCfg = Release|x86
		{5FADFF33-BDF1-49A8-A3FF-118F094F699C}.Release|Mixed Platforms.Build.0 = Release|x86
		{5FADFF33-BDF1-49A8-A3FF-118F094F699C}.Release|x64.ActiveCfg = Release|x86
		{5FADFF33-BDF1-49A8-A3FF-118F094F699C}.Release|x86.ActiveCfg = Release|x86
		{5FADFF33-BDF1-49A8-A3FF-118F094F699C}.Release|x86.Build.0 = Release|x86
		{0FEF4A02-2776-4D7F-AEE1-2BD7487F83BB}.Debug|Any CPU.ActiveCfg = Debug|x86
		{0FEF4A02-2776-4D7F-AEE1-2BD7487F83BB}.Debug|Mixed Platforms.ActiveCfg = Debug|x86
		{0FEF4A02-2776-4D7F-AEE1-2BD7487F83BB}.Debug|Mixed Platforms.Build.0 = Debug|x86
		{0FEF4A02-2776-4D7F-AEE1-2BD7487F83BB}.Debug|x64.ActiveCfg = Debug|x86
		{0FEF4A02-2776-4D7F-AEE1-2BD7487F83BB}.Debug|x86.ActiveCfg = Debug|x86
		{0FEF4A02-2776-4D7F-AEE1-2BD7487F83BB}.Debug|x86.Build.0 = Debug|x86
		{0FEF4A02-2776-4D7F-AEE1-2BD7487F83BB}.Release|Any CPU.ActiveCfg = Release|Any CPU
		{0FEF4A02-2776-4D7F-AEE1-2BD7487F83BB}.Release|Mixed Platforms.ActiveCfg = Release|x86
		{0FEF4A02-2776-4D7F-AEE1-2BD7487F83BB}.Release|Mixed Platforms.Build.0 = Release|x86
		{0FEF4A02-2776-4D7F-AEE1-2BD7487F83BB}.Release|x64.ActiveCfg = Release|x86
		{0FEF4A02-2776-4D7F-AEE1-2BD7487F83BB}.Release|x86.ActiveCfg = Release|x86
		{0FEF4A02-2776-4D7F-AEE1-2BD7487F83BB}.Release|x86.Build.0 = Release|x86
		{BD012F36-578E-4763-B375-21CDD09B84D8}.Debug|Any CPU.ActiveCfg = Debug|x86
		{BD012F36-578E-4763-B375-21CDD09B84D8}.Debug|Mixed Platforms.ActiveCfg = Debug|x86
		{BD012F36-578E-4763-B375-21CDD09B84D8}.Debug|Mixed Platforms.Build.0 = Debug|x86
		{BD012F36-578E-4763-B375-21CDD09B84D8}.Debug|x64.ActiveCfg = Debug|x86
		{BD012F36-578E-4763-B375-21CDD09B84D8}.Debug|x86.ActiveCfg = Debug|x86
		{BD012F36-578E-4763-B375-21CDD09B84D8}.Debug|x86.Build.0 = Debug|x86
		{BD012F36-578E-4763-B375-21CDD09B84D8}.Release|Any CPU.ActiveCfg = Release|Any CPU
		{BD012F36-578E-4763-B375-21CDD09B84D8}.Release|Mixed Platforms.ActiveCfg = Release|x86
		{BD012F36-578E-4763-B375-21CDD09B84D8}.Release|Mixed Platforms.Build.0 = Release|x86
		{BD012F36-578E-4763-B375-21CDD09B84D8}.Release|x64.ActiveCfg = Release|x86
		{BD012F36-578E-4763-B375-21CDD09B84D8}.Release|x86.ActiveCfg = Release|x86
		{BD012F36-578E-4763-B375-21CDD09B84D8}.Release|x86.Build.0 = Release|x86
		{2DC26593-9FC9-4F42-A477-5790C00C87A7}.Debug|Any CPU.ActiveCfg = Debug|x86
		{2DC26593-9FC9-4F42-A477-5790C00C87A7}.Debug|Mixed Platforms.ActiveCfg = Debug|x86
		{2DC26593-9FC9-4F42-A477-5790C00C87A7}.Debug|Mixed Platforms.Build.0 = Debug|x86
		{2DC26593-9FC9-4F42-A477-5790C00C87A7}.Debug|x64.ActiveCfg = Debug|x86
		{2DC26593-9FC9-4F42-A477-5790C00C87A7}.Debug|x86.ActiveCfg = Debug|x86
		{2DC26593-9FC9-4F42-A477-5790C00C87A7}.Debug|x86.Build.0 = Debug|x86
		{2DC26593-9FC9-4F42-A477-5790C00C87A7}.Release|Any CPU.ActiveCfg = Release|Any CPU
		{2DC26593-9FC9-4F42-A477-5790C00C87A7}.Release|Mixed Platforms.ActiveCfg = Release|x86
		{2DC26593-9FC9-4F42-A477-5790C00C87A7}.Release|Mixed Platforms.Build.0 = Release|x86
		{2DC26593-9FC9-4F42-A477-5790C00C87A7}.Release|x64.ActiveCfg = Release|x86
		{2DC26593-9FC9-4F42-A477-5790C00C87A7}.Release|x86.ActiveCfg = Release|x86
		{2DC26593-9FC9-4F42-A477-5790C00C87A7}.Release|x86.Build.0 = Release|x86
		{E8155E84-086C-4AA4-8DE3-65FD603102F9}.Debug|Any CPU.ActiveCfg = Debug|x86
		{E8155E84-086C-4AA4-8DE3-65FD603102F9}.Debug|Mixed Platforms.ActiveCfg = Debug|x86
		{E8155E84-086C-4AA4-8DE3-65FD603102F9}.Debug|Mixed Platforms.Build.0 = Debug|x86
		{E8155E84-086C-4AA4-8DE3-65FD603102F9}.Debug|x64.ActiveCfg = Debug|x86
		{E8155E84-086C-4AA4-8DE3-65FD603102F9}.Debug|x86.ActiveCfg = Debug|x86
		{E8155E84-086C-4AA4-8DE3-65FD603102F9}.Debug|x86.Build.0 = Debug|x86
		{E8155E84-086C-4AA4-8DE3-65FD603102F9}.Release|Any CPU.ActiveCfg = Release|Any CPU
		{E8155E84-086C-4AA4-8DE3-65FD603102F9}.Release|Mixed Platforms.ActiveCfg = Release|x86
		{E8155E84-086C-4AA4-8DE3-65FD603102F9}.Release|Mixed Platforms.Build.0 = Release|x86
		{E8155E84-086C-4AA4-8DE3-65FD603102F9}.Release|x64.ActiveCfg = Release|x86
		{E8155E84-086C-4AA4-8DE3-65FD603102F9}.Release|x86.ActiveCfg = Release|x86
		{E8155E84-086C-4AA4-8DE3-65FD603102F9}.Release|x86.Build.0 = Release|x86
		{04D43AB2-98A5-42C6-89F4-8B55884948C9}.Debug|Any CPU.ActiveCfg = Debug|x86
		{04D43AB2-98A5-42C6-89F4-8B55884948C9}.Debug|Mixed Platforms.ActiveCfg = Debug|x86
		{04D43AB2-98A5-42C6-89F4-8B55884948C9}.Debug|Mixed Platforms.Build.0 = Debug|x86
		{04D43AB2-98A5-42C6-89F4-8B55884948C9}.Debug|x64.ActiveCfg = Debug|x86
		{04D43AB2-98A5-42C6-89F4-8B55884948C9}.Debug|x86.ActiveCfg = Debug|x86
		{04D43AB2-98A5-42C6-89F4-8B55884948C9}.Debug|x86.Build.0 = Debug|x86
		{04D43AB2-98A5-42C6-89F4-8B55884948C9}.Release|Any CPU.ActiveCfg = Release|Any CPU
		{04D43AB2-98A5-42C6-89F4-8B55884948C9}.Release|Mixed Platforms.ActiveCfg = Release|x86
		{04D43AB2-98A5-42C6-89F4-8B55884948C9}.Release|Mixed Platforms.Build.0 = Release|x86
		{04D43AB2-98A5-42C6-89F4-8B55884948C9}.Release|x64.ActiveCfg = Release|x86
		{04D43AB2-98A5-42C6-89F4-8B55884948C9}.Release|x86.ActiveCfg = Release|x86
		{04D43AB2-98A5-42C6-89F4-8B55884948C9}.Release|x86.Build.0 = Release|x86
		{71558044-5DE8-48B5-83AC-A72E278EA268}.Debug|Any CPU.ActiveCfg = Debug|Any CPU
		{71558044-5DE8-48B5-83AC-A72E278EA268}.Debug|Any CPU.Build.0 = Debug|Any CPU
		{71558044-5DE8-48B5-83AC-A72E278EA268}.Debug|Mixed Platforms.ActiveCfg = Debug|Any CPU
		{71558044-5DE8-48B5-83AC-A72E278EA268}.Debug|Mixed Platforms.Build.0 = Debug|Any CPU
		{71558044-5DE8-48B5-83AC-A72E278EA268}.Debug|x64.ActiveCfg = Debug|Any CPU
		{71558044-5DE8-48B5-83AC-A72E278EA268}.Debug|x86.ActiveCfg = Debug|Any CPU
		{71558044-5DE8-48B5-83AC-A72E278EA268}.Release|Any CPU.ActiveCfg = Release|Any CPU
		{71558044-5DE8-48B5-83AC-A72E278EA268}.Release|Any CPU.Build.0 = Release|Any CPU
		{71558044-5DE8-48B5-83AC-A72E278EA268}.Release|Mixed Platforms.ActiveCfg = Release|Any CPU
		{71558044-5DE8-48B5-83AC-A72E278EA268}.Release|Mixed Platforms.Build.0 = Release|Any CPU
		{71558044-5DE8-48B5-83AC-A72E278EA268}.Release|x64.ActiveCfg = Release|Any CPU
		{71558044-5DE8-48B5-83AC-A72E278EA268}.Release|x86.ActiveCfg = Release|Any CPU
		{232E622A-D371-4F34-8EAD-39B0D63064BD}.Debug|Any CPU.ActiveCfg = Debug|x86
		{232E622A-D371-4F34-8EAD-39B0D63064BD}.Debug|Mixed Platforms.ActiveCfg = Debug|x86
		{232E622A-D371-4F34-8EAD-39B0D63064BD}.Debug|Mixed Platforms.Build.0 = Debug|x86
		{232E622A-D371-4F34-8EAD-39B0D63064BD}.Debug|x64.ActiveCfg = Debug|x86
		{232E622A-D371-4F34-8EAD-39B0D63064BD}.Debug|x86.ActiveCfg = Debug|x86
		{232E622A-D371-4F34-8EAD-39B0D63064BD}.Debug|x86.Build.0 = Debug|x86
		{232E622A-D371-4F34-8EAD-39B0D63064BD}.Release|Any CPU.ActiveCfg = Release|Any CPU
		{232E622A-D371-4F34-8EAD-39B0D63064BD}.Release|Mixed Platforms.ActiveCfg = Release|x86
		{232E622A-D371-4F34-8EAD-39B0D63064BD}.Release|Mixed Platforms.Build.0 = Release|x86
		{232E622A-D371-4F34-8EAD-39B0D63064BD}.Release|x64.ActiveCfg = Release|x86
		{232E622A-D371-4F34-8EAD-39B0D63064BD}.Release|x86.ActiveCfg = Release|x86
		{232E622A-D371-4F34-8EAD-39B0D63064BD}.Release|x86.Build.0 = Release|x86
		{90E78CB8-F509-495F-8864-63C299587869}.Debug|Any CPU.ActiveCfg = Debug|x86
		{90E78CB8-F509-495F-8864-63C299587869}.Debug|Mixed Platforms.ActiveCfg = Debug|x86
		{90E78CB8-F509-495F-8864-63C299587869}.Debug|Mixed Platforms.Build.0 = Debug|x86
		{90E78CB8-F509-495F-8864-63C299587869}.Debug|x64.ActiveCfg = Debug|x86
		{90E78CB8-F509-495F-8864-63C299587869}.Debug|x86.ActiveCfg = Debug|x86
		{90E78CB8-F509-495F-8864-63C299587869}.Debug|x86.Build.0 = Debug|x86
		{90E78CB8-F509-495F-8864-63C299587869}.Release|Any CPU.ActiveCfg = Release|Any CPU
		{90E78CB8-F509-495F-8864-63C299587869}.Release|Mixed Platforms.ActiveCfg = Release|x86
		{90E78CB8-F509-495F-8864-63C299587869}.Release|Mixed Platforms.Build.0 = Release|x86
		{90E78CB8-F509-495F-8864-63C299587869}.Release|x64.ActiveCfg = Release|x86
		{90E78CB8-F509-495F-8864-63C299587869}.Release|x86.ActiveCfg = Release|x86
		{90E78CB8-F509-495F-8864-63C299587869}.Release|x86.Build.0 = Release|x86
		{6486195A-3D56-4D85-8F48-D61D1C94211B}.Debug|Any CPU.ActiveCfg = Debug|x86
		{6486195A-3D56-4D85-8F48-D61D1C94211B}.Debug|Mixed Platforms.ActiveCfg = Debug|x86
		{6486195A-3D56-4D85-8F48-D61D1C94211B}.Debug|Mixed Platforms.Build.0 = Debug|x86
		{6486195A-3D56-4D85-8F48-D61D1C94211B}.Debug|x64.ActiveCfg = Debug|x86
		{6486195A-3D56-4D85-8F48-D61D1C94211B}.Debug|x86.ActiveCfg = Debug|x86
		{6486195A-3D56-4D85-8F48-D61D1C94211B}.Debug|x86.Build.0 = Debug|x86
		{6486195A-3D56-4D85-8F48-D61D1C94211B}.Release|Any CPU.ActiveCfg = Release|Any CPU
		{6486195A-3D56-4D85-8F48-D61D1C94211B}.Release|Mixed Platforms.ActiveCfg = Release|x86
		{6486195A-3D56-4D85-8F48-D61D1C94211B}.Release|Mixed Platforms.Build.0 = Release|x86
		{6486195A-3D56-4D85-8F48-D61D1C94211B}.Release|x64.ActiveCfg = Release|x86
		{6486195A-3D56-4D85-8F48-D61D1C94211B}.Release|x86.ActiveCfg = Release|x86
		{6486195A-3D56-4D85-8F48-D61D1C94211B}.Release|x86.Build.0 = Release|x86
		{820FBBFA-12CF-479F-93AF-B70FCAA2D631}.Debug|Any CPU.ActiveCfg = Debug|x86
		{820FBBFA-12CF-479F-93AF-B70FCAA2D631}.Debug|Mixed Platforms.ActiveCfg = Debug|x86
		{820FBBFA-12CF-479F-93AF-B70FCAA2D631}.Debug|Mixed Platforms.Build.0 = Debug|x86
		{820FBBFA-12CF-479F-93AF-B70FCAA2D631}.Debug|x64.ActiveCfg = Debug|x86
		{820FBBFA-12CF-479F-93AF-B70FCAA2D631}.Debug|x86.ActiveCfg = Debug|x86
		{820FBBFA-12CF-479F-93AF-B70FCAA2D631}.Debug|x86.Build.0 = Debug|x86
		{820FBBFA-12CF-479F-93AF-B70FCAA2D631}.Release|Any CPU.ActiveCfg = Release|Any CPU
		{820FBBFA-12CF-479F-93AF-B70FCAA2D631}.Release|Mixed Platforms.ActiveCfg = Release|x86
		{820FBBFA-12CF-479F-93AF-B70FCAA2D631}.Release|Mixed Platforms.Build.0 = Release|x86
		{820FBBFA-12CF-479F-93AF-B70FCAA2D631}.Release|x64.ActiveCfg = Release|x86
		{820FBBFA-12CF-479F-93AF-B70FCAA2D631}.Release|x86.ActiveCfg = Release|x86
		{820FBBFA-12CF-479F-93AF-B70FCAA2D631}.Release|x86.Build.0 = Release|x86
		{82934BAC-07FB-41AC-AE59-46FEE6026A40}.Debug|Any CPU.ActiveCfg = Debug|Any CPU
		{82934BAC-07FB-41AC-AE59-46FEE6026A40}.Debug|Any CPU.Build.0 = Debug|Any CPU
		{82934BAC-07FB-41AC-AE59-46FEE6026A40}.Debug|Mixed Platforms.ActiveCfg = Debug|Any CPU
		{82934BAC-07FB-41AC-AE59-46FEE6026A40}.Debug|Mixed Platforms.Build.0 = Debug|Any CPU
		{82934BAC-07FB-41AC-AE59-46FEE6026A40}.Debug|x64.ActiveCfg = Debug|Any CPU
		{82934BAC-07FB-41AC-AE59-46FEE6026A40}.Debug|x86.ActiveCfg = Debug|Any CPU
		{82934BAC-07FB-41AC-AE59-46FEE6026A40}.Release|Any CPU.ActiveCfg = Release|Any CPU
		{82934BAC-07FB-41AC-AE59-46FEE6026A40}.Release|Any CPU.Build.0 = Release|Any CPU
		{82934BAC-07FB-41AC-AE59-46FEE6026A40}.Release|Mixed Platforms.ActiveCfg = Release|Any CPU
		{82934BAC-07FB-41AC-AE59-46FEE6026A40}.Release|Mixed Platforms.Build.0 = Release|Any CPU
		{82934BAC-07FB-41AC-AE59-46FEE6026A40}.Release|x64.ActiveCfg = Release|Any CPU
		{82934BAC-07FB-41AC-AE59-46FEE6026A40}.Release|x86.ActiveCfg = Release|Any CPU
		{E281D457-F259-4F0B-8608-16C81D8AE97B}.Debug|Any CPU.ActiveCfg = Debug|Any CPU
		{E281D457-F259-4F0B-8608-16C81D8AE97B}.Debug|Any CPU.Build.0 = Debug|Any CPU
		{E281D457-F259-4F0B-8608-16C81D8AE97B}.Debug|Mixed Platforms.ActiveCfg = Debug|Any CPU
		{E281D457-F259-4F0B-8608-16C81D8AE97B}.Debug|Mixed Platforms.Build.0 = Debug|Any CPU
		{E281D457-F259-4F0B-8608-16C81D8AE97B}.Debug|x64.ActiveCfg = Debug|Any CPU
		{E281D457-F259-4F0B-8608-16C81D8AE97B}.Debug|x86.ActiveCfg = Debug|Any CPU
		{E281D457-F259-4F0B-8608-16C81D8AE97B}.Release|Any CPU.ActiveCfg = Release|Any CPU
		{E281D457-F259-4F0B-8608-16C81D8AE97B}.Release|Any CPU.Build.0 = Release|Any CPU
		{E281D457-F259-4F0B-8608-16C81D8AE97B}.Release|Mixed Platforms.ActiveCfg = Release|Any CPU
		{E281D457-F259-4F0B-8608-16C81D8AE97B}.Release|Mixed Platforms.Build.0 = Release|Any CPU
		{E281D457-F259-4F0B-8608-16C81D8AE97B}.Release|x64.ActiveCfg = Release|Any CPU
		{E281D457-F259-4F0B-8608-16C81D8AE97B}.Release|x86.ActiveCfg = Release|Any CPU
		{F0575C50-114F-4CB6-889A-53FBA68D2BA4}.Debug|Any CPU.ActiveCfg = Debug|Any CPU
		{F0575C50-114F-4CB6-889A-53FBA68D2BA4}.Debug|Any CPU.Build.0 = Debug|Any CPU
		{F0575C50-114F-4CB6-889A-53FBA68D2BA4}.Debug|Mixed Platforms.ActiveCfg = Debug|Any CPU
		{F0575C50-114F-4CB6-889A-53FBA68D2BA4}.Debug|Mixed Platforms.Build.0 = Debug|Any CPU
		{F0575C50-114F-4CB6-889A-53FBA68D2BA4}.Debug|x64.ActiveCfg = Debug|Any CPU
		{F0575C50-114F-4CB6-889A-53FBA68D2BA4}.Debug|x86.ActiveCfg = Debug|Any CPU
		{F0575C50-114F-4CB6-889A-53FBA68D2BA4}.Release|Any CPU.ActiveCfg = Release|Any CPU
		{F0575C50-114F-4CB6-889A-53FBA68D2BA4}.Release|Any CPU.Build.0 = Release|Any CPU
		{F0575C50-114F-4CB6-889A-53FBA68D2BA4}.Release|Mixed Platforms.ActiveCfg = Release|Any CPU
		{F0575C50-114F-4CB6-889A-53FBA68D2BA4}.Release|Mixed Platforms.Build.0 = Release|Any CPU
		{F0575C50-114F-4CB6-889A-53FBA68D2BA4}.Release|x64.ActiveCfg = Release|Any CPU
		{F0575C50-114F-4CB6-889A-53FBA68D2BA4}.Release|x86.ActiveCfg = Release|Any CPU
		{DA7D243F-378F-414A-913A-38065D0E9BE8}.Debug|Any CPU.ActiveCfg = Debug|Any CPU
		{DA7D243F-378F-414A-913A-38065D0E9BE8}.Debug|Any CPU.Build.0 = Debug|Any CPU
		{DA7D243F-378F-414A-913A-38065D0E9BE8}.Debug|Mixed Platforms.ActiveCfg = Debug|Any CPU
		{DA7D243F-378F-414A-913A-38065D0E9BE8}.Debug|Mixed Platforms.Build.0 = Debug|Any CPU
		{DA7D243F-378F-414A-913A-38065D0E9BE8}.Debug|x64.ActiveCfg = Debug|Any CPU
		{DA7D243F-378F-414A-913A-38065D0E9BE8}.Debug|x86.ActiveCfg = Debug|Any CPU
		{DA7D243F-378F-414A-913A-38065D0E9BE8}.Release|Any CPU.ActiveCfg = Release|Any CPU
		{DA7D243F-378F-414A-913A-38065D0E9BE8}.Release|Any CPU.Build.0 = Release|Any CPU
		{DA7D243F-378F-414A-913A-38065D0E9BE8}.Release|Mixed Platforms.ActiveCfg = Release|Any CPU
		{DA7D243F-378F-414A-913A-38065D0E9BE8}.Release|Mixed Platforms.Build.0 = Release|Any CPU
		{DA7D243F-378F-414A-913A-38065D0E9BE8}.Release|x64.ActiveCfg = Release|Any CPU
		{DA7D243F-378F-414A-913A-38065D0E9BE8}.Release|x86.ActiveCfg = Release|Any CPU
		{3F301B84-C16D-42E7-B2D9-58D2D8E26DCF}.Debug|Any CPU.ActiveCfg = Debug|Any CPU
		{3F301B84-C16D-42E7-B2D9-58D2D8E26DCF}.Debug|Any CPU.Build.0 = Debug|Any CPU
		{3F301B84-C16D-42E7-B2D9-58D2D8E26DCF}.Debug|Mixed Platforms.ActiveCfg = Debug|Any CPU
		{3F301B84-C16D-42E7-B2D9-58D2D8E26DCF}.Debug|Mixed Platforms.Build.0 = Debug|Any CPU
		{3F301B84-C16D-42E7-B2D9-58D2D8E26DCF}.Debug|x64.ActiveCfg = Debug|Any CPU
		{3F301B84-C16D-42E7-B2D9-58D2D8E26DCF}.Debug|x86.ActiveCfg = Debug|Any CPU
		{3F301B84-C16D-42E7-B2D9-58D2D8E26DCF}.Release|Any CPU.ActiveCfg = Release|Any CPU
		{3F301B84-C16D-42E7-B2D9-58D2D8E26DCF}.Release|Any CPU.Build.0 = Release|Any CPU
		{3F301B84-C16D-42E7-B2D9-58D2D8E26DCF}.Release|Mixed Platforms.ActiveCfg = Release|Any CPU
		{3F301B84-C16D-42E7-B2D9-58D2D8E26DCF}.Release|Mixed Platforms.Build.0 = Release|Any CPU
		{3F301B84-C16D-42E7-B2D9-58D2D8E26DCF}.Release|x64.ActiveCfg = Release|Any CPU
		{3F301B84-C16D-42E7-B2D9-58D2D8E26DCF}.Release|x86.ActiveCfg = Release|Any CPU
		{62323B39-CF1C-4BE5-B980-1C58CB8FB1F0}.Debug|Any CPU.ActiveCfg = Debug|x86
		{62323B39-CF1C-4BE5-B980-1C58CB8FB1F0}.Debug|Mixed Platforms.ActiveCfg = Debug|x86
		{62323B39-CF1C-4BE5-B980-1C58CB8FB1F0}.Debug|Mixed Platforms.Build.0 = Debug|x86
		{62323B39-CF1C-4BE5-B980-1C58CB8FB1F0}.Debug|x64.ActiveCfg = Debug|x86
		{62323B39-CF1C-4BE5-B980-1C58CB8FB1F0}.Debug|x86.ActiveCfg = Debug|x86
		{62323B39-CF1C-4BE5-B980-1C58CB8FB1F0}.Debug|x86.Build.0 = Debug|x86
		{62323B39-CF1C-4BE5-B980-1C58CB8FB1F0}.Release|Any CPU.ActiveCfg = Release|x86
		{62323B39-CF1C-4BE5-B980-1C58CB8FB1F0}.Release|Mixed Platforms.ActiveCfg = Release|x86
		{62323B39-CF1C-4BE5-B980-1C58CB8FB1F0}.Release|Mixed Platforms.Build.0 = Release|x86
		{62323B39-CF1C-4BE5-B980-1C58CB8FB1F0}.Release|x64.ActiveCfg = Release|x86
		{62323B39-CF1C-4BE5-B980-1C58CB8FB1F0}.Release|x86.ActiveCfg = Release|x86
		{62323B39-CF1C-4BE5-B980-1C58CB8FB1F0}.Release|x86.Build.0 = Release|x86
		{F7EE1B86-F791-4526-A17A-22E04FE154D1}.Debug|Any CPU.ActiveCfg = Debug|x86
		{F7EE1B86-F791-4526-A17A-22E04FE154D1}.Debug|Mixed Platforms.ActiveCfg = Debug|x86
		{F7EE1B86-F791-4526-A17A-22E04FE154D1}.Debug|Mixed Platforms.Build.0 = Debug|x86
		{F7EE1B86-F791-4526-A17A-22E04FE154D1}.Debug|x64.ActiveCfg = Debug|x86
		{F7EE1B86-F791-4526-A17A-22E04FE154D1}.Debug|x86.ActiveCfg = Debug|x86
		{F7EE1B86-F791-4526-A17A-22E04FE154D1}.Debug|x86.Build.0 = Debug|x86
		{F7EE1B86-F791-4526-A17A-22E04FE154D1}.Release|Any CPU.ActiveCfg = Release|x86
		{F7EE1B86-F791-4526-A17A-22E04FE154D1}.Release|Mixed Platforms.ActiveCfg = Release|x86
		{F7EE1B86-F791-4526-A17A-22E04FE154D1}.Release|Mixed Platforms.Build.0 = Release|x86
		{F7EE1B86-F791-4526-A17A-22E04FE154D1}.Release|x64.ActiveCfg = Release|x86
		{F7EE1B86-F791-4526-A17A-22E04FE154D1}.Release|x86.ActiveCfg = Release|x86
		{F7EE1B86-F791-4526-A17A-22E04FE154D1}.Release|x86.Build.0 = Release|x86
		{4D0269B2-B0C2-40F8-9C39-CF4CA54D54CB}.Debug|Any CPU.ActiveCfg = Debug|x86
		{4D0269B2-B0C2-40F8-9C39-CF4CA54D54CB}.Debug|Mixed Platforms.ActiveCfg = Debug|x86
		{4D0269B2-B0C2-40F8-9C39-CF4CA54D54CB}.Debug|Mixed Platforms.Build.0 = Debug|x86
		{4D0269B2-B0C2-40F8-9C39-CF4CA54D54CB}.Debug|x64.ActiveCfg = Debug|x86
		{4D0269B2-B0C2-40F8-9C39-CF4CA54D54CB}.Debug|x86.ActiveCfg = Debug|x86
		{4D0269B2-B0C2-40F8-9C39-CF4CA54D54CB}.Debug|x86.Build.0 = Debug|x86
		{4D0269B2-B0C2-40F8-9C39-CF4CA54D54CB}.Release|Any CPU.ActiveCfg = Release|x86
		{4D0269B2-B0C2-40F8-9C39-CF4CA54D54CB}.Release|Mixed Platforms.ActiveCfg = Release|x86
		{4D0269B2-B0C2-40F8-9C39-CF4CA54D54CB}.Release|Mixed Platforms.Build.0 = Release|x86
		{4D0269B2-B0C2-40F8-9C39-CF4CA54D54CB}.Release|x64.ActiveCfg = Release|x86
		{4D0269B2-B0C2-40F8-9C39-CF4CA54D54CB}.Release|x86.ActiveCfg = Release|x86
		{4D0269B2-B0C2-40F8-9C39-CF4CA54D54CB}.Release|x86.Build.0 = Release|x86
	EndGlobalSection
	GlobalSection(SolutionProperties) = preSolution
		HideSolutionNode = FALSE
	EndGlobalSection
	GlobalSection(MonoDevelopProperties) = preSolution
		StartupItem = ConsoleServer\ConsoleServer.csproj
	EndGlobalSection
EndGlobal
